// !$*UTF8*$!
{
  archiveVersion = 1;
  classes = {
  };
  objectVersion = 77;
  objects = {

/* Begin PBXBuildFile section */
    000000000000000000000201 /* LocalDictateApp.swift in Sources */ = {isa = PBXBuildFile; fileRef = 000000000000000000000101 /* LocalDictateApp.swift */; };
    000000000000000000000202 /* LocalDictateModel.swift in Sources */ = {isa = PBXBuildFile; fileRef = 000000000000000000000102 /* LocalDictateModel.swift */; };
    000000000000000000000203 /* SidebarSection.swift in Sources */ = {isa = PBXBuildFile; fileRef = 000000000000000000000103 /* SidebarSection.swift */; };
    000000000000000000000204 /* AudioInputDeviceService.swift in Sources */ = {isa = PBXBuildFile; fileRef = 000000000000000000000104 /* AudioInputDeviceService.swift */; };
    000000000000000000000205 /* AudioRecorderService.swift in Sources */ = {isa = PBXBuildFile; fileRef = 000000000000000000000105 /* AudioRecorderService.swift */; };
    000000000000000000000206 /* CleanupService.swift in Sources */ = {isa = PBXBuildFile; fileRef = 000000000000000000000106 /* CleanupService.swift */; };
    000000000000000000000207 /* HotkeyService.swift in Sources */ = {isa = PBXBuildFile; fileRef = 000000000000000000000107 /* HotkeyService.swift */; };
    000000000000000000000208 /* InsertionService.swift in Sources */ = {isa = PBXBuildFile; fileRef = 000000000000000000000108 /* InsertionService.swift */; };
    000000000000000000000209 /* LocalAPIService.swift in Sources */ = {isa = PBXBuildFile; fileRef = 000000000000000000000109 /* LocalAPIService.swift */; };
    00000000000000000000020A /* PermissionService.swift in Sources */ = {isa = PBXBuildFile; fileRef = 00000000000000000000010A /* PermissionService.swift */; };
    00000000000000000000020B /* SpeechEngine.swift in Sources */ = {isa = PBXBuildFile; fileRef = 00000000000000000000010B /* SpeechEngine.swift */; };
    00000000000000000000020C /* TargetAppService.swift in Sources */ = {isa = PBXBuildFile; fileRef = 00000000000000000000010C /* TargetAppService.swift */; };
    00000000000000000000020D /* HistoryStore.swift in Sources */ = {isa = PBXBuildFile; fileRef = 00000000000000000000010D /* HistoryStore.swift */; };
    00000000000000000000020E /* TemplateStore.swift in Sources */ = {isa = PBXBuildFile; fileRef = 00000000000000000000010E /* TemplateStore.swift */; };
    00000000000000000000020F /* Coding.swift in Sources */ = {isa = PBXBuildFile; fileRef = 00000000000000000000010F /* Coding.swift */; };
    000000000000000000000210 /* RuntimeDiagnostics.swift in Sources */ = {isa = PBXBuildFile; fileRef = 000000000000000000000110 /* RuntimeDiagnostics.swift */; };
    000000000000000000000211 /* StatusBarController.swift in Sources */ = {isa = PBXBuildFile; fileRef = 000000000000000000000111 /* StatusBarController.swift */; };
    000000000000000000000212 /* StatusStyle.swift in Sources */ = {isa = PBXBuildFile; fileRef = 000000000000000000000112 /* StatusStyle.swift */; };
    000000000000000000000213 /* SystemSurfaces.swift in Sources */ = {isa = PBXBuildFile; fileRef = 000000000000000000000113 /* SystemSurfaces.swift */; };
    000000000000000000000214 /* WindowCommandCenter.swift in Sources */ = {isa = PBXBuildFile; fileRef = 000000000000000000000114 /* WindowCommandCenter.swift */; };
    000000000000000000000215 /* WindowFocusService.swift in Sources */ = {isa = PBXBuildFile; fileRef = 000000000000000000000115 /* WindowFocusService.swift */; };
    000000000000000000000216 /* DiagnosticsView.swift in Sources */ = {isa = PBXBuildFile; fileRef = 000000000000000000000116 /* DiagnosticsView.swift */; };
    000000000000000000000217 /* HistoryView.swift in Sources */ = {isa = PBXBuildFile; fileRef = 000000000000000000000117 /* HistoryView.swift */; };
    000000000000000000000218 /* MainWindowView.swift in Sources */ = {isa = PBXBuildFile; fileRef = 000000000000000000000118 /* MainWindowView.swift */; };
    000000000000000000000219 /* MenuBarContentView.swift in Sources */ = {isa = PBXBuildFile; fileRef = 000000000000000000000119 /* MenuBarContentView.swift */; };
    00000000000000000000021A /* PermissionRowsView.swift in Sources */ = {isa = PBXBuildFile; fileRef = 00000000000000000000011A /* PermissionRowsView.swift */; };
    00000000000000000000021B /* PrivacyView.swift in Sources */ = {isa = PBXBuildFile; fileRef = 00000000000000000000011B /* PrivacyView.swift */; };
    00000000000000000000021C /* SettingsView.swift in Sources */ = {isa = PBXBuildFile; fileRef = 00000000000000000000011C /* SettingsView.swift */; };
    00000000000000000000021D /* TemplatesView.swift in Sources */ = {isa = PBXBuildFile; fileRef = 00000000000000000000011D /* TemplatesView.swift */; };
    00000000000000000000021E /* Assets.xcassets in Resources */ = {isa = PBXBuildFile; fileRef = 00000000000000000000013A /* Assets.xcassets */; };
    00000000000000000000021F /* Privacy.md in Resources */ = {isa = PBXBuildFile; fileRef = 00000000000000000000013B /* Privacy.md */; };
    000000000000000000000220 /* libLocalDictateCore.a in Frameworks */ = {isa = PBXBuildFile; fileRef = 000000000000000000000012 /* libLocalDictateCore.a */; };
    000000000000000000000221 /* AppStatus.swift in Sources */ = {isa = PBXBuildFile; fileRef = 000000000000000000000121 /* AppStatus.swift */; };
    000000000000000000000222 /* CleanupTemplate.swift in Sources */ = {isa = PBXBuildFile; fileRef = 000000000000000000000122 /* CleanupTemplate.swift */; };
    000000000000000000000223 /* DictationRecord.swift in Sources */ = {isa = PBXBuildFile; fileRef = 000000000000000000000123 /* DictationRecord.swift */; };
    000000000000000000000224 /* EngineState.swift in Sources */ = {isa = PBXBuildFile; fileRef = 000000000000000000000124 /* EngineState.swift */; };
    000000000000000000000225 /* MenuBarVisualState.swift in Sources */ = {isa = PBXBuildFile; fileRef = 000000000000000000000125 /* MenuBarVisualState.swift */; };
    000000000000000000000226 /* AppPaths.swift in Sources */ = {isa = PBXBuildFile; fileRef = 000000000000000000000126 /* AppPaths.swift */; };
    000000000000000000000227 /* DictationTextSelection.swift in Sources */ = {isa = PBXBuildFile; fileRef = 000000000000000000000127 /* DictationTextSelection.swift */; };
    000000000000000000000228 /* ProgressiveTranscriptBuffer.swift in Sources */ = {isa = PBXBuildFile; fileRef = 000000000000000000000128 /* ProgressiveTranscriptBuffer.swift */; };
    000000000000000000000229 /* TranscriptAccumulator.swift in Sources */ = {isa = PBXBuildFile; fileRef = 000000000000000000000129 /* TranscriptAccumulator.swift */; };
/* End PBXBuildFile section */

/* Begin PBXContainerItemProxy section */
    000000000000000000000019 /* PBXContainerItemProxy */ = {
      isa = PBXContainerItemProxy;
      containerPortal = 000000000000000000000001 /* Project object */;
      proxyType = 1;
      remoteGlobalIDString = 000000000000000000000010;
      remoteInfo = LocalDictateCore;
    };
/* End PBXContainerItemProxy section */

/* Begin PBXFileReference section */
    000000000000000000000011 /* LocalDictate.app */ = {isa = PBXFileReference; explicitFileType = wrapper.application; includeInIndex = 0; path = LocalDictate.app; sourceTree = BUILT_PRODUCTS_DIR; };
    000000000000000000000012 /* libLocalDictateCore.a */ = {isa = PBXFileReference; explicitFileType = archive.ar; includeInIndex = 0; path = libLocalDictateCore.a; sourceTree = BUILT_PRODUCTS_DIR; };
    000000000000000000000101 /* LocalDictateApp.swift */ = {isa = PBXFileReference; lastKnownFileType = sourcecode.swift; path = Sources/LocalDictate/App/LocalDictateApp.swift; sourceTree = "<group>"; };
    000000000000000000000102 /* LocalDictateModel.swift */ = {isa = PBXFileReference; lastKnownFileType = sourcecode.swift; path = Sources/LocalDictate/Models/LocalDictateModel.swift; sourceTree = "<group>"; };
    000000000000000000000103 /* SidebarSection.swift */ = {isa = PBXFileReference; lastKnownFileType = sourcecode.swift; path = Sources/LocalDictate/Models/SidebarSection.swift; sourceTree = "<group>"; };
    000000000000000000000104 /* AudioInputDeviceService.swift */ = {isa = PBXFileReference; lastKnownFileType = sourcecode.swift; path = Sources/LocalDictate/Services/AudioInputDeviceService.swift; sourceTree = "<group>"; };
    000000000000000000000105 /* AudioRecorderService.swift */ = {isa = PBXFileReference; lastKnownFileType = sourcecode.swift; path = Sources/LocalDictate/Services/AudioRecorderService.swift; sourceTree = "<group>"; };
    000000000000000000000106 /* CleanupService.swift */ = {isa = PBXFileReference; lastKnownFileType = sourcecode.swift; path = Sources/LocalDictate/Services/CleanupService.swift; sourceTree = "<group>"; };
    000000000000000000000107 /* HotkeyService.swift */ = {isa = PBXFileReference; lastKnownFileType = sourcecode.swift; path = Sources/LocalDictate/Services/HotkeyService.swift; sourceTree = "<group>"; };
    000000000000000000000108 /* InsertionService.swift */ = {isa = PBXFileReference; lastKnownFileType = sourcecode.swift; path = Sources/LocalDictate/Services/InsertionService.swift; sourceTree = "<group>"; };
    000000000000000000000109 /* LocalAPIService.swift */ = {isa = PBXFileReference; lastKnownFileType = sourcecode.swift; path = Sources/LocalDictate/Services/LocalAPIService.swift; sourceTree = "<group>"; };
    00000000000000000000010A /* PermissionService.swift */ = {isa = PBXFileReference; lastKnownFileType = sourcecode.swift; path = Sources/LocalDictate/Services/PermissionService.swift; sourceTree = "<group>"; };
    00000000000000000000010B /* SpeechEngine.swift */ = {isa = PBXFileReference; lastKnownFileType = sourcecode.swift; path = Sources/LocalDictate/Services/SpeechEngine.swift; sourceTree = "<group>"; };
    00000000000000000000010C /* TargetAppService.swift */ = {isa = PBXFileReference; lastKnownFileType = sourcecode.swift; path = Sources/LocalDictate/Services/TargetAppService.swift; sourceTree = "<group>"; };
    00000000000000000000010D /* HistoryStore.swift */ = {isa = PBXFileReference; lastKnownFileType = sourcecode.swift; path = Sources/LocalDictate/Stores/HistoryStore.swift; sourceTree = "<group>"; };
    00000000000000000000010E /* TemplateStore.swift */ = {isa = PBXFileReference; lastKnownFileType = sourcecode.swift; path = Sources/LocalDictate/Stores/TemplateStore.swift; sourceTree = "<group>"; };
    00000000000000000000010F /* Coding.swift */ = {isa = PBXFileReference; lastKnownFileType = sourcecode.swift; path = Sources/LocalDictate/Support/Coding.swift; sourceTree = "<group>"; };
    000000000000000000000110 /* RuntimeDiagnostics.swift */ = {isa = PBXFileReference; lastKnownFileType = sourcecode.swift; path = Sources/LocalDictate/Support/RuntimeDiagnostics.swift; sourceTree = "<group>"; };
    000000000000000000000111 /* StatusBarController.swift */ = {isa = PBXFileReference; lastKnownFileType = sourcecode.swift; path = Sources/LocalDictate/Support/StatusBarController.swift; sourceTree = "<group>"; };
    000000000000000000000112 /* StatusStyle.swift */ = {isa = PBXFileReference; lastKnownFileType = sourcecode.swift; path = Sources/LocalDictate/Support/StatusStyle.swift; sourceTree = "<group>"; };
    000000000000000000000113 /* SystemSurfaces.swift */ = {isa = PBXFileReference; lastKnownFileType = sourcecode.swift; path = Sources/LocalDictate/Support/SystemSurfaces.swift; sourceTree = "<group>"; };
    000000000000000000000114 /* WindowCommandCenter.swift */ = {isa = PBXFileReference; lastKnownFileType = sourcecode.swift; path = Sources/LocalDictate/Support/WindowCommandCenter.swift; sourceTree = "<group>"; };
    000000000000000000000115 /* WindowFocusService.swift */ = {isa = PBXFileReference; lastKnownFileType = sourcecode.swift; path = Sources/LocalDictate/Support/WindowFocusService.swift; sourceTree = "<group>"; };
    000000000000000000000116 /* DiagnosticsView.swift */ = {isa = PBXFileReference; lastKnownFileType = sourcecode.swift; path = Sources/LocalDictate/Views/DiagnosticsView.swift; sourceTree = "<group>"; };
    000000000000000000000117 /* HistoryView.swift */ = {isa = PBXFileReference; lastKnownFileType = sourcecode.swift; path = Sources/LocalDictate/Views/HistoryView.swift; sourceTree = "<group>"; };
    000000000000000000000118 /* MainWindowView.swift */ = {isa = PBXFileReference; lastKnownFileType = sourcecode.swift; path = Sources/LocalDictate/Views/MainWindowView.swift; sourceTree = "<group>"; };
    000000000000000000000119 /* MenuBarContentView.swift */ = {isa = PBXFileReference; lastKnownFileType = sourcecode.swift; path = Sources/LocalDictate/Views/MenuBarContentView.swift; sourceTree = "<group>"; };
    00000000000000000000011A /* PermissionRowsView.swift */ = {isa = PBXFileReference; lastKnownFileType = sourcecode.swift; path = Sources/LocalDictate/Views/PermissionRowsView.swift; sourceTree = "<group>"; };
    00000000000000000000011B /* PrivacyView.swift */ = {isa = PBXFileReference; lastKnownFileType = sourcecode.swift; path = Sources/LocalDictate/Views/PrivacyView.swift; sourceTree = "<group>"; };
    00000000000000000000011C /* SettingsView.swift */ = {isa = PBXFileReference; lastKnownFileType = sourcecode.swift; path = Sources/LocalDictate/Views/SettingsView.swift; sourceTree = "<group>"; };
    00000000000000000000011D /* TemplatesView.swift */ = {isa = PBXFileReference; lastKnownFileType = sourcecode.swift; path = Sources/LocalDictate/Views/TemplatesView.swift; sourceTree = "<group>"; };
    000000000000000000000121 /* AppStatus.swift */ = {isa = PBXFileReference; lastKnownFileType = sourcecode.swift; path = Sources/LocalDictateCore/Models/AppStatus.swift; sourceTree = "<group>"; };
    000000000000000000000122 /* CleanupTemplate.swift */ = {isa = PBXFileReference; lastKnownFileType = sourcecode.swift; path = Sources/LocalDictateCore/Models/CleanupTemplate.swift; sourceTree = "<group>"; };
    000000000000000000000123 /* DictationRecord.swift */ = {isa = PBXFileReference; lastKnownFileType = sourcecode.swift; path = Sources/LocalDictateCore/Models/DictationRecord.swift; sourceTree = "<group>"; };
    000000000000000000000124 /* EngineState.swift */ = {isa = PBXFileReference; lastKnownFileType = sourcecode.swift; path = Sources/LocalDictateCore/Models/EngineState.swift; sourceTree = "<group>"; };
    000000000000000000000125 /* MenuBarVisualState.swift */ = {isa = PBXFileReference; lastKnownFileType = sourcecode.swift; path = Sources/LocalDictateCore/Models/MenuBarVisualState.swift; sourceTree = "<group>"; };
    000000000000000000000126 /* AppPaths.swift */ = {isa = PBXFileReference; lastKnownFileType = sourcecode.swift; path = Sources/LocalDictateCore/Support/AppPaths.swift; sourceTree = "<group>"; };
    000000000000000000000127 /* DictationTextSelection.swift */ = {isa = PBXFileReference; lastKnownFileType = sourcecode.swift; path = Sources/LocalDictateCore/Support/DictationTextSelection.swift; sourceTree = "<group>"; };
    000000000000000000000128 /* ProgressiveTranscriptBuffer.swift */ = {isa = PBXFileReference; lastKnownFileType = sourcecode.swift; path = Sources/LocalDictateCore/Support/ProgressiveTranscriptBuffer.swift; sourceTree = "<group>"; };
    000000000000000000000129 /* TranscriptAccumulator.swift */ = {isa = PBXFileReference; lastKnownFileType = sourcecode.swift; path = Sources/LocalDictateCore/Support/TranscriptAccumulator.swift; sourceTree = "<group>"; };
    00000000000000000000013A /* Assets.xcassets */ = {isa = PBXFileReference; lastKnownFileType = folder.assetcatalog; path = Resources/Assets.xcassets; sourceTree = "<group>"; };
    00000000000000000000013B /* Privacy.md */ = {isa = PBXFileReference; lastKnownFileType = text; path = Sources/LocalDictate/Resources/Privacy.md; sourceTree = "<group>"; };
    00000000000000000000013C /* LocalDictate-Info.plist */ = {isa = PBXFileReference; lastKnownFileType = text.plist.xml; path = "Config/LocalDictate-Info.plist"; sourceTree = "<group>"; };
    00000000000000000000013D /* LocalDictate.entitlements */ = {isa = PBXFileReference; lastKnownFileType = text.plist.entitlements; path = LocalDictate.entitlements; sourceTree = "<group>"; };
/* End PBXFileReference section */

/* Begin PBXFrameworksBuildPhase section */
    000000000000000000000014 /* Frameworks */ = {
      isa = PBXFrameworksBuildPhase;
      buildActionMask = 2147483647;
      files = (
        000000000000000000000220 /* libLocalDictateCore.a in Frameworks */,
      );
      runOnlyForDeploymentPostprocessing = 0;
    };
    000000000000000000000017 /* Frameworks */ = {
      isa = PBXFrameworksBuildPhase;
      buildActionMask = 2147483647;
      files = (
      );
      runOnlyForDeploymentPostprocessing = 0;
    };
/* End PBXFrameworksBuildPhase section */

/* Begin PBXGroup section */
    000000000000000000000002 = {
      isa = PBXGroup;
      children = (
        000000000000000000000004 /* Sources */,
        000000000000000000000007 /* Resources */,
        000000000000000000000008 /* Config */,
        000000000000000000000003 /* Products */,
      );
      sourceTree = "<group>";
    };
    000000000000000000000003 /* Products */ = {
      isa = PBXGroup;
      children = (
        000000000000000000000011 /* LocalDictate.app */,
        000000000000000000000012 /* libLocalDictateCore.a */,
      );
      name = Products;
      sourceTree = "<group>";
    };
    000000000000000000000004 /* Sources */ = {
      isa = PBXGroup;
      children = (
        000000000000000000000005 /* LocalDictate */,
        000000000000000000000006 /* LocalDictateCore */,
      );
      name = Sources;
      sourceTree = "<group>";
    };
    000000000000000000000005 /* LocalDictate */ = {
      isa = PBXGroup;
      children = (
        000000000000000000000101 /* LocalDictateApp.swift */,
        000000000000000000000102 /* LocalDictateModel.swift */,
        000000000000000000000103 /* SidebarSection.swift */,
        000000000000000000000104 /* AudioInputDeviceService.swift */,
        000000000000000000000105 /* AudioRecorderService.swift */,
        000000000000000000000106 /* CleanupService.swift */,
        000000000000000000000107 /* HotkeyService.swift */,
        000000000000000000000108 /* InsertionService.swift */,
        000000000000000000000109 /* LocalAPIService.swift */,
        00000000000000000000010A /* PermissionService.swift */,
        00000000000000000000010B /* SpeechEngine.swift */,
        00000000000000000000010C /* TargetAppService.swift */,
        00000000000000000000010D /* HistoryStore.swift */,
        00000000000000000000010E /* TemplateStore.swift */,
        00000000000000000000010F /* Coding.swift */,
        000000000000000000000110 /* RuntimeDiagnostics.swift */,
        000000000000000000000111 /* StatusBarController.swift */,
        000000000000000000000112 /* StatusStyle.swift */,
        000000000000000000000113 /* SystemSurfaces.swift */,
        000000000000000000000114 /* WindowCommandCenter.swift */,
        000000000000000000000115 /* WindowFocusService.swift */,
        000000000000000000000116 /* DiagnosticsView.swift */,
        000000000000000000000117 /* HistoryView.swift */,
        000000000000000000000118 /* MainWindowView.swift */,
        000000000000000000000119 /* MenuBarContentView.swift */,
        00000000000000000000011A /* PermissionRowsView.swift */,
        00000000000000000000011B /* PrivacyView.swift */,
        00000000000000000000011C /* SettingsView.swift */,
        00000000000000000000011D /* TemplatesView.swift */,
      );
      name = LocalDictate;
      sourceTree = "<group>";
    };
    000000000000000000000006 /* LocalDictateCore */ = {
      isa = PBXGroup;
      children = (
        000000000000000000000121 /* AppStatus.swift */,
        000000000000000000000122 /* CleanupTemplate.swift */,
        000000000000000000000123 /* DictationRecord.swift */,
        000000000000000000000124 /* EngineState.swift */,
        000000000000000000000125 /* MenuBarVisualState.swift */,
        000000000000000000000126 /* AppPaths.swift */,
        000000000000000000000127 /* DictationTextSelection.swift */,
        000000000000000000000128 /* ProgressiveTranscriptBuffer.swift */,
        000000000000000000000129 /* TranscriptAccumulator.swift */,
      );
      name = LocalDictateCore;
      sourceTree = "<group>";
    };
    000000000000000000000007 /* Resources */ = {
      isa = PBXGroup;
      children = (
        00000000000000000000013A /* Assets.xcassets */,
        00000000000000000000013B /* Privacy.md */,
      );
      name = Resources;
      sourceTree = "<group>";
    };
    000000000000000000000008 /* Config */ = {
      isa = PBXGroup;
      children = (
        00000000000000000000013C /* LocalDictate-Info.plist */,
        00000000000000000000013D /* LocalDictate.entitlements */,
      );
      name = Config;
      sourceTree = "<group>";
    };
/* End PBXGroup section */

/* Begin PBXNativeTarget section */
    000000000000000000000009 /* LocalDictate */ = {
      isa = PBXNativeTarget;
      buildConfigurationList = 000000000000000000000021 /* Build configuration list for PBXNativeTarget "LocalDictate" */;
      buildPhases = (
        000000000000000000000013 /* Sources */,
        000000000000000000000014 /* Frameworks */,
        000000000000000000000015 /* Resources */,
      );
      buildRules = (
      );
      dependencies = (
        000000000000000000000018 /* PBXTargetDependency */,
      );
      name = LocalDictate;
      productName = LocalDictate;
      productReference = 000000000000000000000011 /* LocalDictate.app */;
      productType = "com.apple.product-type.application";
    };
    000000000000000000000010 /* LocalDictateCore */ = {
      isa = PBXNativeTarget;
      buildConfigurationList = 000000000000000000000022 /* Build configuration list for PBXNativeTarget "LocalDictateCore" */;
      buildPhases = (
        000000000000000000000016 /* Sources */,
        000000000000000000000017 /* Frameworks */,
      );
      buildRules = (
      );
      dependencies = (
      );
      name = LocalDictateCore;
      productName = LocalDictateCore;
      productReference = 000000000000000000000012 /* libLocalDictateCore.a */;
      productType = "com.apple.product-type.library.static";
    };
/* End PBXNativeTarget section */

/* Begin PBXProject section */
    000000000000000000000001 /* Project object */ = {
      isa = PBXProject;
      attributes = {
        BuildIndependentTargetsInParallel = 1;
        LastSwiftUpdateCheck = 2650;
        LastUpgradeCheck = 2650;
        TargetAttributes = {
          000000000000000000000009 = {
            CreatedOnToolsVersion = 26.5;
          };
          000000000000000000000010 = {
            CreatedOnToolsVersion = 26.5;
          };
        };
      };
      buildConfigurationList = 000000000000000000000020 /* Build configuration list for PBXProject "LocalDictate" */;
      compatibilityVersion = "Xcode 15.0";
      developmentRegion = en;
      hasScannedForEncodings = 0;
      knownRegions = (
        en,
        Base,
      );
      mainGroup = 000000000000000000000002;
      minimizedProjectReferenceProxies = 1;
      preferredProjectObjectVersion = 77;
      productRefGroup = 000000000000000000000003 /* Products */;
      projectDirPath = "";
      projectRoot = "";
      targets = (
        000000000000000000000009 /* LocalDictate */,
        000000000000000000000010 /* LocalDictateCore */,
      );
    };
/* End PBXProject section */

/* Begin PBXResourcesBuildPhase section */
    000000000000000000000015 /* Resources */ = {
      isa = PBXResourcesBuildPhase;
      buildActionMask = 2147483647;
      files = (
        00000000000000000000021E /* Assets.xcassets in Resources */,
        00000000000000000000021F /* Privacy.md in Resources */,
      );
      runOnlyForDeploymentPostprocessing = 0;
    };
/* End PBXResourcesBuildPhase section */

/* Begin PBXSourcesBuildPhase section */
    000000000000000000000013 /* Sources */ = {
      isa = PBXSourcesBuildPhase;
      buildActionMask = 2147483647;
      files = (
        000000000000000000000201 /* LocalDictateApp.swift in Sources */,
        000000000000000000000202 /* LocalDictateModel.swift in Sources */,
        000000000000000000000203 /* SidebarSection.swift in Sources */,
        000000000000000000000204 /* AudioInputDeviceService.swift in Sources */,
        000000000000000000000205 /* AudioRecorderService.swift in Sources */,
        000000000000000000000206 /* CleanupService.swift in Sources */,
        000000000000000000000207 /* HotkeyService.swift in Sources */,
        000000000000000000000208 /* InsertionService.swift in Sources */,
        000000000000000000000209 /* LocalAPIService.swift in Sources */,
        00000000000000000000020A /* PermissionService.swift in Sources */,
        00000000000000000000020B /* SpeechEngine.swift in Sources */,
        00000000000000000000020C /* TargetAppService.swift in Sources */,
        00000000000000000000020D /* HistoryStore.swift in Sources */,
        00000000000000000000020E /* TemplateStore.swift in Sources */,
        00000000000000000000020F /* Coding.swift in Sources */,
        000000000000000000000210 /* RuntimeDiagnostics.swift in Sources */,
        000000000000000000000211 /* StatusBarController.swift in Sources */,
        000000000000000000000212 /* StatusStyle.swift in Sources */,
        000000000000000000000213 /* SystemSurfaces.swift in Sources */,
        000000000000000000000214 /* WindowCommandCenter.swift in Sources */,
        000000000000000000000215 /* WindowFocusService.swift in Sources */,
        000000000000000000000216 /* DiagnosticsView.swift in Sources */,
        000000000000000000000217 /* HistoryView.swift in Sources */,
        000000000000000000000218 /* MainWindowView.swift in Sources */,
        000000000000000000000219 /* MenuBarContentView.swift in Sources */,
        00000000000000000000021A /* PermissionRowsView.swift in Sources */,
        00000000000000000000021B /* PrivacyView.swift in Sources */,
        00000000000000000000021C /* SettingsView.swift in Sources */,
        00000000000000000000021D /* TemplatesView.swift in Sources */,
      );
      runOnlyForDeploymentPostprocessing = 0;
    };
    000000000000000000000016 /* Sources */ = {
      isa = PBXSourcesBuildPhase;
      buildActionMask = 2147483647;
      files = (
        000000000000000000000221 /* AppStatus.swift in Sources */,
        000000000000000000000222 /* CleanupTemplate.swift in Sources */,
        000000000000000000000223 /* DictationRecord.swift in Sources */,
        000000000000000000000224 /* EngineState.swift in Sources */,
        000000000000000000000225 /* MenuBarVisualState.swift in Sources */,
        000000000000000000000226 /* AppPaths.swift in Sources */,
        000000000000000000000227 /* DictationTextSelection.swift in Sources */,
        000000000000000000000228 /* ProgressiveTranscriptBuffer.swift in Sources */,
        000000000000000000000229 /* TranscriptAccumulator.swift in Sources */,
      );
      runOnlyForDeploymentPostprocessing = 0;
    };
/* End PBXSourcesBuildPhase section */

/* Begin PBXTargetDependency section */
    000000000000000000000018 /* PBXTargetDependency */ = {
      isa = PBXTargetDependency;
      target = 000000000000000000000010 /* LocalDictateCore */;
      targetProxy = 000000000000000000000019 /* PBXContainerItemProxy */;
    };
/* End PBXTargetDependency section */

/* Begin XCBuildConfiguration section */
    000000000000000000000023 /* Debug */ = {
      isa = XCBuildConfiguration;
      buildSettings = {
        ALWAYS_SEARCH_USER_PATHS = NO;
        CLANG_ANALYZER_NONNULL = YES;
        CLANG_ANALYZER_NUMBER_OBJECT_CONVERSION = YES_AGGRESSIVE;
        CLANG_CXX_LANGUAGE_STANDARD = "gnu++20";
        CLANG_ENABLE_MODULES = YES;
        CLANG_ENABLE_OBJC_ARC = YES;
        CLANG_WARN_BLOCK_CAPTURE_AUTORELEASING = YES;
        CLANG_WARN_BOOL_CONVERSION = YES;
        CLANG_WARN_COMMA = YES;
        CLANG_WARN_CONSTANT_CONVERSION = YES;
        CLANG_WARN_DEPRECATED_OBJC_IMPLEMENTATIONS = YES;
        CLANG_WARN_DIRECT_OBJC_ISA_USAGE = YES_ERROR;
        CLANG_WARN_DOCUMENTATION_COMMENTS = YES;
        CLANG_WARN_EMPTY_BODY = YES;
        CLANG_WARN_ENUM_CONVERSION = YES;
        CLANG_WARN_INFINITE_RECURSION = YES;
        CLANG_WARN_INT_CONVERSION = YES;
        CLANG_WARN_NON_LITERAL_NULL_CONVERSION = YES;
        CLANG_WARN_OBJC_IMPLICIT_RETAIN_SELF = YES;
        CLANG_WARN_OBJC_LITERAL_CONVERSION = YES;
        CLANG_WARN_OBJC_ROOT_CLASS = YES_ERROR;
        CLANG_WARN_QUOTED_INCLUDE_IN_FRAMEWORK_HEADER = YES;
        CLANG_WARN_RANGE_LOOP_ANALYSIS = YES;
        CLANG_WARN_STRICT_PROTOTYPES = YES;
        CLANG_WARN_SUSPICIOUS_MOVE = YES;
        CLANG_WARN_UNGUARDED_AVAILABILITY = YES_AGGRESSIVE;
        CLANG_WARN_UNREACHABLE_CODE = YES;
        CLANG_WARN__DUPLICATE_METHOD_MATCH = YES;
        COPY_PHASE_STRIP = NO;
        DEBUG_INFORMATION_FORMAT = dwarf;
        ENABLE_STRICT_OBJC_MSGSEND = YES;
        ENABLE_TESTABILITY = YES;
        GCC_C_LANGUAGE_STANDARD = gnu17;
        GCC_DYNAMIC_NO_PIC = NO;
        GCC_NO_COMMON_BLOCKS = YES;
        GCC_OPTIMIZATION_LEVEL = 0;
        GCC_PREPROCESSOR_DEFINITIONS = (
          "DEBUG=1",
          "$(inherited)",
        );
        GCC_WARN_64_TO_32_BIT_CONVERSION = YES;
        GCC_WARN_ABOUT_RETURN_TYPE = YES_ERROR;
        GCC_WARN_UNDECLARED_SELECTOR = YES;
        GCC_WARN_UNINITIALIZED_AUTOS = YES_AGGRESSIVE;
        GCC_WARN_UNUSED_FUNCTION = YES;
        GCC_WARN_UNUSED_VARIABLE = YES;
        MACOSX_DEPLOYMENT_TARGET = 15.0;
        MTL_ENABLE_DEBUG_INFO = INCLUDE_SOURCE;
        MTL_FAST_MATH = YES;
        ONLY_ACTIVE_ARCH = YES;
        SDKROOT = macosx;
        SWIFT_ACTIVE_COMPILATION_CONDITIONS = DEBUG;
        SWIFT_OPTIMIZATION_LEVEL = "-Onone";
        SWIFT_VERSION = 6.0;
      };
      name = Debug;
    };
    000000000000000000000024 /* Release */ = {
      isa = XCBuildConfiguration;
      buildSettings = {
        ALWAYS_SEARCH_USER_PATHS = NO;
        CLANG_ANALYZER_NONNULL = YES;
        CLANG_ANALYZER_NUMBER_OBJECT_CONVERSION = YES_AGGRESSIVE;
        CLANG_CXX_LANGUAGE_STANDARD = "gnu++20";
        CLANG_ENABLE_MODULES = YES;
        CLANG_ENABLE_OBJC_ARC = YES;
        CLANG_WARN_BLOCK_CAPTURE_AUTORELEASING = YES;
        CLANG_WARN_BOOL_CONVERSION = YES;
        CLANG_WARN_COMMA = YES;
        CLANG_WARN_CONSTANT_CONVERSION = YES;
        CLANG_WARN_DEPRECATED_OBJC_IMPLEMENTATIONS = YES;
        CLANG_WARN_DIRECT_OBJC_ISA_USAGE = YES_ERROR;
        CLANG_WARN_DOCUMENTATION_COMMENTS = YES;
        CLANG_WARN_EMPTY_BODY = YES;
        CLANG_WARN_ENUM_CONVERSION = YES;
        CLANG_WARN_INFINITE_RECURSION = YES;
        CLANG_WARN_INT_CONVERSION = YES;
        CLANG_WARN_NON_LITERAL_NULL_CONVERSION = YES;
        CLANG_WARN_OBJC_IMPLICIT_RETAIN_SELF = YES;
        CLANG_WARN_OBJC_LITERAL_CONVERSION = YES;
        CLANG_WARN_OBJC_ROOT_CLASS = YES_ERROR;
        CLANG_WARN_QUOTED_INCLUDE_IN_FRAMEWORK_HEADER = YES;
        CLANG_WARN_RANGE_LOOP_ANALYSIS = YES;
        CLANG_WARN_STRICT_PROTOTYPES = YES;
        CLANG_WARN_SUSPICIOUS_MOVE = YES;
        CLANG_WARN_UNGUARDED_AVAILABILITY = YES_AGGRESSIVE;
        CLANG_WARN_UNREACHABLE_CODE = YES;
        CLANG_WARN__DUPLICATE_METHOD_MATCH = YES;
        COPY_PHASE_STRIP = NO;
        DEBUG_INFORMATION_FORMAT = "dwarf-with-dsym";
        ENABLE_NS_ASSERTIONS = NO;
        ENABLE_STRICT_OBJC_MSGSEND = YES;
        GCC_C_LANGUAGE_STANDARD = gnu17;
        GCC_NO_COMMON_BLOCKS = YES;
        GCC_WARN_64_TO_32_BIT_CONVERSION = YES;
        GCC_WARN_ABOUT_RETURN_TYPE = YES_ERROR;
        GCC_WARN_UNDECLARED_SELECTOR = YES;
        GCC_WARN_UNINITIALIZED_AUTOS = YES_AGGRESSIVE;
        GCC_WARN_UNUSED_FUNCTION = YES;
        GCC_WARN_UNUSED_VARIABLE = YES;
        MACOSX_DEPLOYMENT_TARGET = 15.0;
        MTL_ENABLE_DEBUG_INFO = NO;
        MTL_FAST_MATH = YES;
        SDKROOT = macosx;
        SWIFT_COMPILATION_MODE = wholemodule;
        SWIFT_OPTIMIZATION_LEVEL = "-O";
        SWIFT_VERSION = 6.0;
      };
      name = Release;
    };
    000000000000000000000025 /* Debug */ = {
      isa = XCBuildConfiguration;
      buildSettings = {
        ASSETCATALOG_COMPILER_APPICON_NAME = AppIcon;
        CODE_SIGN_ENTITLEMENTS = LocalDictate.entitlements;
        CODE_SIGN_IDENTITY = "-";
        CODE_SIGN_INJECT_BASE_ENTITLEMENTS = NO;
        CODE_SIGN_STYLE = Manual;
        CURRENT_PROJECT_VERSION = 1;
        DEAD_CODE_STRIPPING = YES;
        DEVELOPMENT_TEAM = "";
        ENABLE_HARDENED_RUNTIME = YES;
        GENERATE_INFOPLIST_FILE = NO;
        INFOPLIST_FILE = "Config/LocalDictate-Info.plist";
        LD_RUNPATH_SEARCH_PATHS = (
          "$(inherited)",
          "@executable_path/../Frameworks",
        );
        MARKETING_VERSION = 1.0.0;
        PRODUCT_BUNDLE_IDENTIFIER = com.simonbear.localdictate;
        PRODUCT_NAME = "$(TARGET_NAME)";
        SKIP_INSTALL = NO;
        SWIFT_EMIT_LOC_STRINGS = YES;
      };
      name = Debug;
    };
    000000000000000000000026 /* Release */ = {
      isa = XCBuildConfiguration;
      buildSettings = {
        ASSETCATALOG_COMPILER_APPICON_NAME = AppIcon;
        CODE_SIGN_ENTITLEMENTS = LocalDictate.entitlements;
        CODE_SIGN_IDENTITY = "-";
        CODE_SIGN_INJECT_BASE_ENTITLEMENTS = NO;
        CODE_SIGN_STYLE = Manual;
        CURRENT_PROJECT_VERSION = 1;
        DEAD_CODE_STRIPPING = YES;
        DEVELOPMENT_TEAM = "";
        ENABLE_HARDENED_RUNTIME = YES;
        GENERATE_INFOPLIST_FILE = NO;
        INFOPLIST_FILE = "Config/LocalDictate-Info.plist";
        LD_RUNPATH_SEARCH_PATHS = (
          "$(inherited)",
          "@executable_path/../Frameworks",
        );
        MARKETING_VERSION = 1.0.0;
        PRODUCT_BUNDLE_IDENTIFIER = com.simonbear.localdictate;
        PRODUCT_NAME = "$(TARGET_NAME)";
        SKIP_INSTALL = NO;
        SWIFT_EMIT_LOC_STRINGS = YES;
      };
      name = Release;
    };
    000000000000000000000027 /* Debug */ = {
      isa = XCBuildConfiguration;
      buildSettings = {
        CODE_SIGN_IDENTITY = "-";
        CODE_SIGN_INJECT_BASE_ENTITLEMENTS = NO;
        CODE_SIGN_STYLE = Manual;
        DEFINES_MODULE = YES;
        DEVELOPMENT_TEAM = "";
        MACH_O_TYPE = staticlib;
        PRODUCT_MODULE_NAME = LocalDictateCore;
        PRODUCT_NAME = "$(TARGET_NAME)";
        SKIP_INSTALL = YES;
      };
      name = Debug;
    };
    000000000000000000000028 /* Release */ = {
      isa = XCBuildConfiguration;
      buildSettings = {
        CODE_SIGN_IDENTITY = "-";
        CODE_SIGN_INJECT_BASE_ENTITLEMENTS = NO;
        CODE_SIGN_STYLE = Manual;
        DEFINES_MODULE = YES;
        DEVELOPMENT_TEAM = "";
        MACH_O_TYPE = staticlib;
        PRODUCT_MODULE_NAME = LocalDictateCore;
        PRODUCT_NAME = "$(TARGET_NAME)";
        SKIP_INSTALL = YES;
      };
      name = Release;
    };
/* End XCBuildConfiguration section */

/* Begin XCConfigurationList section */
    000000000000000000000020 /* Build configuration list for PBXProject "LocalDictate" */ = {
      isa = XCConfigurationList;
      buildConfigurations = (
        000000000000000000000023 /* Debug */,
        000000000000000000000024 /* Release */,
      );
      defaultConfigurationIsVisible = 0;
      defaultConfigurationName = Release;
    };
    000000000000000000000021 /* Build configuration list for PBXNativeTarget "LocalDictate" */ = {
      isa = XCConfigurationList;
      buildConfigurations = (
        000000000000000000000025 /* Debug */,
        000000000000000000000026 /* Release */,
      );
      defaultConfigurationIsVisible = 0;
      defaultConfigurationName = Release;
    };
    000000000000000000000022 /* Build configuration list for PBXNativeTarget "LocalDictateCore" */ = {
      isa = XCConfigurationList;
      buildConfigurations = (
        000000000000000000000027 /* Debug */,
        000000000000000000000028 /* Release */,
      );
      defaultConfigurationIsVisible = 0;
      defaultConfigurationName = Release;
    };
/* End XCConfigurationList section */
  };
  rootObject = 000000000000000000000001 /* Project object */;
}
